
Microsoft Visual Studio Solution File, Format Version 12.00
# Visual Studio 14
VisualStudioVersion = 14.0.25123.0
MinimumVisualStudioVersion = 10.0.40219.1
Project("{2150E333-8FDC-42A3-9474-1A3956D46DE8}") = "Backend", "Backend", "{4F0C17AD-9CB1-4EB9-A742-9013D1369511}"
EndProject
Project("{2150E333-8FDC-42A3-9474-1A3956D46DE8}") = "Frontend", "Frontend", "{E681B9DB-9E65-4329-A19D-20DF27106589}"
EndProject
Project("{2150E333-8FDC-42A3-9474-1A3956D46DE8}") = "Cpp", "Cpp", "{BCEA7983-DB8B-4C07-BCB1-E2F9925511F5}"
EndProject
Project("{2150E333-8FDC-42A3-9474-1A3956D46DE8}") = "CSharp", "CSharp", "{E35BE88B-BABD-4B1A-B681-8A670116DE2A}"
EndProject
Project("{FAE04EC0-301F-11D3-BF4B-00C04F79EFBC}") = "mathQ.CSharp.NeuralNet.Common", "mathQ.CSharp.NeuralNet.Common\mathQ.CSharp.NeuralNet.Common.csproj", "{25B890A2-6593-44D5-97B8-6DE0036AF51F}"
EndProject
Project("{FAE04EC0-301F-11D3-BF4B-00C04F79EFBC}") = "mathQ.CSharp.NeuralNet.Function", "mathQ.CSharp.NeuralNet.Function\mathQ.CSharp.NeuralNet.Function.csproj", "{1AF07183-4428-4000-B84F-4CF06FBC0B31}"
EndProject
Project("{2150E333-8FDC-42A3-9474-1A3956D46DE8}") = "Test", "Test", "{F8FDC1F4-CBB8-447C-9736-1787293CA094}"
EndProject
Project("{FAE04EC0-301F-11D3-BF4B-00C04F79EFBC}") = "mathQ.CSharp.NeuralNet.Common.Test", "mathQ.CSharp.NeuralNet.Common.Test\mathQ.CSharp.NeuralNet.Common.Test.csproj", "{C9BCF17A-8F91-421F-B132-8EEAE7E4E5AF}"
EndProject
Project("{2150E333-8FDC-42A3-9474-1A3956D46DE8}") = "Prototype", "Prototype", "{583B0722-63ED-4D62-BBF9-C06586FC9887}"
EndProject
Project("{FAE04EC0-301F-11D3-BF4B-00C04F79EFBC}") = "mathQ.Prototype.App.Droid", "mathQ.Prototype.App\mathQ.Prototype.App.Droid\mathQ.Prototype.App.Droid.csproj", "{8DE46E88-9929-4279-AA73-A27BA7DFE8BA}"
EndProject
Project("{FAE04EC0-301F-11D3-BF4B-00C04F79EFBC}") = "mathQ.Prototype.App.iOS", "mathQ.Prototype.App\mathQ.Prototype.App.iOS\mathQ.Prototype.App.iOS.csproj", "{167EBECE-7F99-4DEF-8E2C-BE5C20FAF1ED}"
EndProject
Project("{FAE04EC0-301F-11D3-BF4B-00C04F79EFBC}") = "mathQ.Prototype.App.WinPhone", "mathQ.Prototype.App\mathQ.Prototype.App.WinPhone\mathQ.Prototype.App.WinPhone.csproj", "{3884B627-4AC0-4947-8366-8A6E26D2F77C}"
EndProject
Project("{FAE04EC0-301F-11D3-BF4B-00C04F79EFBC}") = "mathQ.Prototype.App.UWP", "mathQ.Prototype.App\mathQ.Prototype.App.UWP\mathQ.Prototype.App.UWP.csproj", "{CD9B2FFA-ED54-4FAD-B634-FD1D70D6FD3D}"
EndProject
Project("{FAE04EC0-301F-11D3-BF4B-00C04F79EFBC}") = "mathQ.Prototype.App.Windows", "mathQ.Prototype.App\mathQ.Prototype.App.Windows\mathQ.Prototype.App.Windows.csproj", "{F5664625-06F5-4E95-AF2B-B07B250D4713}"
EndProject
Project("{FAE04EC0-301F-11D3-BF4B-00C04F79EFBC}") = "mathQ.Prototype.App", "mathQ.Prototype.App\mathQ.Prototype.App\mathQ.Prototype.App.csproj", "{188E99F7-C726-4B70-94C5-F71C14776F44}"
EndProject
Global
	GlobalSection(SolutionConfigurationPlatforms) = preSolution
		Ad-Hoc|Any CPU = Ad-Hoc|Any CPU
		Ad-Hoc|ARM = Ad-Hoc|ARM
		Ad-Hoc|iPhone = Ad-Hoc|iPhone
		Ad-Hoc|iPhoneSimulator = Ad-Hoc|iPhoneSimulator
		Ad-Hoc|x64 = Ad-Hoc|x64
		Ad-Hoc|x86 = Ad-Hoc|x86
		AppStore|Any CPU = AppStore|Any CPU
		AppStore|ARM = AppStore|ARM
		AppStore|iPhone = AppStore|iPhone
		AppStore|iPhoneSimulator = AppStore|iPhoneSimulator
		AppStore|x64 = AppStore|x64
		AppStore|x86 = AppStore|x86
		Debug|Any CPU = Debug|Any CPU
		Debug|ARM = Debug|ARM
		Debug|iPhone = Debug|iPhone
		Debug|iPhoneSimulator = Debug|iPhoneSimulator
		Debug|x64 = Debug|x64
		Debug|x86 = Debug|x86
		Release|Any CPU = Release|Any CPU
		Release|ARM = Release|ARM
		Release|iPhone = Release|iPhone
		Release|iPhoneSimulator = Release|iPhoneSimulator
		Release|x64 = Release|x64
		Release|x86 = Release|x86
	EndGlobalSection
	GlobalSection(ProjectConfigurationPlatforms) = postSolution
		{25B890A2-6593-44D5-97B8-6DE0036AF51F}.Ad-Hoc|Any CPU.ActiveCfg = Release|Any CPU
		{25B890A2-6593-44D5-97B8-6DE0036AF51F}.Ad-Hoc|Any CPU.Build.0 = Release|Any CPU
		{25B890A2-6593-44D5-97B8-6DE0036AF51F}.Ad-Hoc|ARM.ActiveCfg = Release|Any CPU
		{25B890A2-6593-44D5-97B8-6DE0036AF51F}.Ad-Hoc|ARM.Build.0 = Release|Any CPU
		{25B890A2-6593-44D5-97B8-6DE0036AF51F}.Ad-Hoc|iPhone.ActiveCfg = Release|Any CPU
		{25B890A2-6593-44D5-97B8-6DE0036AF51F}.Ad-Hoc|iPhone.Build.0 = Release|Any CPU
		{25B890A2-6593-44D5-97B8-6DE0036AF51F}.Ad-Hoc|iPhoneSimulator.ActiveCfg = Release|Any CPU
		{25B890A2-6593-44D5-97B8-6DE0036AF51F}.Ad-Hoc|iPhoneSimulator.Build.0 = Release|Any CPU
		{25B890A2-6593-44D5-97B8-6DE0036AF51F}.Ad-Hoc|x64.ActiveCfg = Release|Any CPU
		{25B890A2-6593-44D5-97B8-6DE0036AF51F}.Ad-Hoc|x64.Build.0 = Release|Any CPU
		{25B890A2-6593-44D5-97B8-6DE0036AF51F}.Ad-Hoc|x86.ActiveCfg = Release|Any CPU
		{25B890A2-6593-44D5-97B8-6DE0036AF51F}.Ad-Hoc|x86.Build.0 = Release|Any CPU
		{25B890A2-6593-44D5-97B8-6DE0036AF51F}.AppStore|Any CPU.ActiveCfg = Release|Any CPU
		{25B890A2-6593-44D5-97B8-6DE0036AF51F}.AppStore|Any CPU.Build.0 = Release|Any CPU
		{25B890A2-6593-44D5-97B8-6DE0036AF51F}.AppStore|ARM.ActiveCfg = Release|Any CPU
		{25B890A2-6593-44D5-97B8-6DE0036AF51F}.AppStore|ARM.Build.0 = Release|Any CPU
		{25B890A2-6593-44D5-97B8-6DE0036AF51F}.AppStore|iPhone.ActiveCfg = Release|Any CPU
		{25B890A2-6593-44D5-97B8-6DE0036AF51F}.AppStore|iPhone.Build.0 = Release|Any CPU
		{25B890A2-6593-44D5-97B8-6DE0036AF51F}.AppStore|iPhoneSimulator.ActiveCfg = Release|Any CPU
		{25B890A2-6593-44D5-97B8-6DE0036AF51F}.AppStore|iPhoneSimulator.Build.0 = Release|Any CPU
		{25B890A2-6593-44D5-97B8-6DE0036AF51F}.AppStore|x64.ActiveCfg = Release|Any CPU
		{25B890A2-6593-44D5-97B8-6DE0036AF51F}.AppStore|x64.Build.0 = Release|Any CPU
		{25B890A2-6593-44D5-97B8-6DE0036AF51F}.AppStore|x86.ActiveCfg = Release|Any CPU
		{25B890A2-6593-44D5-97B8-6DE0036AF51F}.AppStore|x86.Build.0 = Release|Any CPU
		{25B890A2-6593-44D5-97B8-6DE0036AF51F}.Debug|Any CPU.ActiveCfg = Debug|Any CPU
		{25B890A2-6593-44D5-97B8-6DE0036AF51F}.Debug|Any CPU.Build.0 = Debug|Any CPU
		{25B890A2-6593-44D5-97B8-6DE0036AF51F}.Debug|ARM.ActiveCfg = Debug|Any CPU
		{25B890A2-6593-44D5-97B8-6DE0036AF51F}.Debug|ARM.Build.0 = Debug|Any CPU
		{25B890A2-6593-44D5-97B8-6DE0036AF51F}.Debug|iPhone.ActiveCfg = Debug|Any CPU
		{25B890A2-6593-44D5-97B8-6DE0036AF51F}.Debug|iPhone.Build.0 = Debug|Any CPU
		{25B890A2-6593-44D5-97B8-6DE0036AF51F}.Debug|iPhoneSimulator.ActiveCfg = Debug|Any CPU
		{25B890A2-6593-44D5-97B8-6DE0036AF51F}.Debug|iPhoneSimulator.Build.0 = Debug|Any CPU
		{25B890A2-6593-44D5-97B8-6DE0036AF51F}.Debug|x64.ActiveCfg = Debug|Any CPU
		{25B890A2-6593-44D5-97B8-6DE0036AF51F}.Debug|x64.Build.0 = Debug|Any CPU
		{25B890A2-6593-44D5-97B8-6DE0036AF51F}.Debug|x86.ActiveCfg = Debug|Any CPU
		{25B890A2-6593-44D5-97B8-6DE0036AF51F}.Debug|x86.Build.0 = Debug|Any CPU
		{25B890A2-6593-44D5-97B8-6DE0036AF51F}.Release|Any CPU.ActiveCfg = Release|Any CPU
		{25B890A2-6593-44D5-97B8-6DE0036AF51F}.Release|Any CPU.Build.0 = Release|Any CPU
		{25B890A2-6593-44D5-97B8-6DE0036AF51F}.Release|ARM.ActiveCfg = Release|Any CPU
		{25B890A2-6593-44D5-97B8-6DE0036AF51F}.Release|ARM.Build.0 = Release|Any CPU
		{25B890A2-6593-44D5-97B8-6DE0036AF51F}.Release|iPhone.ActiveCfg = Release|Any CPU
		{25B890A2-6593-44D5-97B8-6DE0036AF51F}.Release|iPhone.Build.0 = Release|Any CPU
		{25B890A2-6593-44D5-97B8-6DE0036AF51F}.Release|iPhoneSimulator.ActiveCfg = Release|Any CPU
		{25B890A2-6593-44D5-97B8-6DE0036AF51F}.Release|iPhoneSimulator.Build.0 = Release|Any CPU
		{25B890A2-6593-44D5-97B8-6DE0036AF51F}.Release|x64.ActiveCfg = Release|Any CPU
		{25B890A2-6593-44D5-97B8-6DE0036AF51F}.Release|x64.Build.0 = Release|Any CPU
		{25B890A2-6593-44D5-97B8-6DE0036AF51F}.Release|x86.ActiveCfg = Release|Any CPU
		{25B890A2-6593-44D5-97B8-6DE0036AF51F}.Release|x86.Build.0 = Release|Any CPU
		{1AF07183-4428-4000-B84F-4CF06FBC0B31}.Ad-Hoc|Any CPU.ActiveCfg = Release|Any CPU
		{1AF07183-4428-4000-B84F-4CF06FBC0B31}.Ad-Hoc|Any CPU.Build.0 = Release|Any CPU
		{1AF07183-4428-4000-B84F-4CF06FBC0B31}.Ad-Hoc|ARM.ActiveCfg = Release|Any CPU
		{1AF07183-4428-4000-B84F-4CF06FBC0B31}.Ad-Hoc|ARM.Build.0 = Release|Any CPU
		{1AF07183-4428-4000-B84F-4CF06FBC0B31}.Ad-Hoc|iPhone.ActiveCfg = Release|Any CPU
		{1AF07183-4428-4000-B84F-4CF06FBC0B31}.Ad-Hoc|iPhone.Build.0 = Release|Any CPU
		{1AF07183-4428-4000-B84F-4CF06FBC0B31}.Ad-Hoc|iPhoneSimulator.ActiveCfg = Release|Any CPU
		{1AF07183-4428-4000-B84F-4CF06FBC0B31}.Ad-Hoc|iPhoneSimulator.Build.0 = Release|Any CPU
		{1AF07183-4428-4000-B84F-4CF06FBC0B31}.Ad-Hoc|x64.ActiveCfg = Release|Any CPU
		{1AF07183-4428-4000-B84F-4CF06FBC0B31}.Ad-Hoc|x64.Build.0 = Release|Any CPU
		{1AF07183-4428-4000-B84F-4CF06FBC0B31}.Ad-Hoc|x86.ActiveCfg = Release|Any CPU
		{1AF07183-4428-4000-B84F-4CF06FBC0B31}.Ad-Hoc|x86.Build.0 = Release|Any CPU
		{1AF07183-4428-4000-B84F-4CF06FBC0B31}.AppStore|Any CPU.ActiveCfg = Release|Any CPU
		{1AF07183-4428-4000-B84F-4CF06FBC0B31}.AppStore|Any CPU.Build.0 = Release|Any CPU
		{1AF07183-4428-4000-B84F-4CF06FBC0B31}.AppStore|ARM.ActiveCfg = Release|Any CPU
		{1AF07183-4428-4000-B84F-4CF06FBC0B31}.AppStore|ARM.Build.0 = Release|Any CPU
		{1AF07183-4428-4000-B84F-4CF06FBC0B31}.AppStore|iPhone.ActiveCfg = Release|Any CPU
		{1AF07183-4428-4000-B84F-4CF06FBC0B31}.AppStore|iPhone.Build.0 = Release|Any CPU
		{1AF07183-4428-4000-B84F-4CF06FBC0B31}.AppStore|iPhoneSimulator.ActiveCfg = Release|Any CPU
		{1AF07183-4428-4000-B84F-4CF06FBC0B31}.AppStore|iPhoneSimulator.Build.0 = Release|Any CPU
		{1AF07183-4428-4000-B84F-4CF06FBC0B31}.AppStore|x64.ActiveCfg = Release|Any CPU
		{1AF07183-4428-4000-B84F-4CF06FBC0B31}.AppStore|x64.Build.0 = Release|Any CPU
		{1AF07183-4428-4000-B84F-4CF06FBC0B31}.AppStore|x86.ActiveCfg = Release|Any CPU
		{1AF07183-4428-4000-B84F-4CF06FBC0B31}.AppStore|x86.Build.0 = Release|Any CPU
		{1AF07183-4428-4000-B84F-4CF06FBC0B31}.Debug|Any CPU.ActiveCfg = Debug|Any CPU
		{1AF07183-4428-4000-B84F-4CF06FBC0B31}.Debug|Any CPU.Build.0 = Debug|Any CPU
		{1AF07183-4428-4000-B84F-4CF06FBC0B31}.Debug|ARM.ActiveCfg = Debug|Any CPU
		{1AF07183-4428-4000-B84F-4CF06FBC0B31}.Debug|ARM.Build.0 = Debug|Any CPU
		{1AF07183-4428-4000-B84F-4CF06FBC0B31}.Debug|iPhone.ActiveCfg = Debug|Any CPU
		{1AF07183-4428-4000-B84F-4CF06FBC0B31}.Debug|iPhone.Build.0 = Debug|Any CPU
		{1AF07183-4428-4000-B84F-4CF06FBC0B31}.Debug|iPhoneSimulator.ActiveCfg = Debug|Any CPU
		{1AF07183-4428-4000-B84F-4CF06FBC0B31}.Debug|iPhoneSimulator.Build.0 = Debug|Any CPU
		{1AF07183-4428-4000-B84F-4CF06FBC0B31}.Debug|x64.ActiveCfg = Debug|Any CPU
		{1AF07183-4428-4000-B84F-4CF06FBC0B31}.Debug|x64.Build.0 = Debug|Any CPU
		{1AF07183-4428-4000-B84F-4CF06FBC0B31}.Debug|x86.ActiveCfg = Debug|Any CPU
		{1AF07183-4428-4000-B84F-4CF06FBC0B31}.Debug|x86.Build.0 = Debug|Any CPU
		{1AF07183-4428-4000-B84F-4CF06FBC0B31}.Release|Any CPU.ActiveCfg = Release|Any CPU
		{1AF07183-4428-4000-B84F-4CF06FBC0B31}.Release|Any CPU.Build.0 = Release|Any CPU
		{1AF07183-4428-4000-B84F-4CF06FBC0B31}.Release|ARM.ActiveCfg = Release|Any CPU
		{1AF07183-4428-4000-B84F-4CF06FBC0B31}.Release|ARM.Build.0 = Release|Any CPU
		{1AF07183-4428-4000-B84F-4CF06FBC0B31}.Release|iPhone.ActiveCfg = Release|Any CPU
		{1AF07183-4428-4000-B84F-4CF06FBC0B31}.Release|iPhone.Build.0 = Release|Any CPU
		{1AF07183-4428-4000-B84F-4CF06FBC0B31}.Release|iPhoneSimulator.ActiveCfg = Release|Any CPU
		{1AF07183-4428-4000-B84F-4CF06FBC0B31}.Release|iPhoneSimulator.Build.0 = Release|Any CPU
		{1AF07183-4428-4000-B84F-4CF06FBC0B31}.Release|x64.ActiveCfg = Release|Any CPU
		{1AF07183-4428-4000-B84F-4CF06FBC0B31}.Release|x64.Build.0 = Release|Any CPU
		{1AF07183-4428-4000-B84F-4CF06FBC0B31}.Release|x86.ActiveCfg = Release|Any CPU
		{1AF07183-4428-4000-B84F-4CF06FBC0B31}.Release|x86.Build.0 = Release|Any CPU
		{C9BCF17A-8F91-421F-B132-8EEAE7E4E5AF}.Ad-Hoc|Any CPU.ActiveCfg = Release|Any CPU
		{C9BCF17A-8F91-421F-B132-8EEAE7E4E5AF}.Ad-Hoc|Any CPU.Build.0 = Release|Any CPU
		{C9BCF17A-8F91-421F-B132-8EEAE7E4E5AF}.Ad-Hoc|ARM.ActiveCfg = Release|Any CPU
		{C9BCF17A-8F91-421F-B132-8EEAE7E4E5AF}.Ad-Hoc|ARM.Build.0 = Release|Any CPU
		{C9BCF17A-8F91-421F-B132-8EEAE7E4E5AF}.Ad-Hoc|iPhone.ActiveCfg = Release|Any CPU
		{C9BCF17A-8F91-421F-B132-8EEAE7E4E5AF}.Ad-Hoc|iPhone.Build.0 = Release|Any CPU
		{C9BCF17A-8F91-421F-B132-8EEAE7E4E5AF}.Ad-Hoc|iPhoneSimulator.ActiveCfg = Release|Any CPU
		{C9BCF17A-8F91-421F-B132-8EEAE7E4E5AF}.Ad-Hoc|iPhoneSimulator.Build.0 = Release|Any CPU
		{C9BCF17A-8F91-421F-B132-8EEAE7E4E5AF}.Ad-Hoc|x64.ActiveCfg = Release|Any CPU
		{C9BCF17A-8F91-421F-B132-8EEAE7E4E5AF}.Ad-Hoc|x64.Build.0 = Release|Any CPU
		{C9BCF17A-8F91-421F-B132-8EEAE7E4E5AF}.Ad-Hoc|x86.ActiveCfg = Release|Any CPU
		{C9BCF17A-8F91-421F-B132-8EEAE7E4E5AF}.Ad-Hoc|x86.Build.0 = Release|Any CPU
		{C9BCF17A-8F91-421F-B132-8EEAE7E4E5AF}.AppStore|Any CPU.ActiveCfg = Release|Any CPU
		{C9BCF17A-8F91-421F-B132-8EEAE7E4E5AF}.AppStore|Any CPU.Build.0 = Release|Any CPU
		{C9BCF17A-8F91-421F-B132-8EEAE7E4E5AF}.AppStore|ARM.ActiveCfg = Release|Any CPU
		{C9BCF17A-8F91-421F-B132-8EEAE7E4E5AF}.AppStore|ARM.Build.0 = Release|Any CPU
		{C9BCF17A-8F91-421F-B132-8EEAE7E4E5AF}.AppStore|iPhone.ActiveCfg = Release|Any CPU
		{C9BCF17A-8F91-421F-B132-8EEAE7E4E5AF}.AppStore|iPhone.Build.0 = Release|Any CPU
		{C9BCF17A-8F91-421F-B132-8EEAE7E4E5AF}.AppStore|iPhoneSimulator.ActiveCfg = Release|Any CPU
		{C9BCF17A-8F91-421F-B132-8EEAE7E4E5AF}.AppStore|iPhoneSimulator.Build.0 = Release|Any CPU
		{C9BCF17A-8F91-421F-B132-8EEAE7E4E5AF}.AppStore|x64.ActiveCfg = Release|Any CPU
		{C9BCF17A-8F91-421F-B132-8EEAE7E4E5AF}.AppStore|x64.Build.0 = Release|Any CPU
		{C9BCF17A-8F91-421F-B132-8EEAE7E4E5AF}.AppStore|x86.ActiveCfg = Release|Any CPU
		{C9BCF17A-8F91-421F-B132-8EEAE7E4E5AF}.AppStore|x86.Build.0 = Release|Any CPU
		{C9BCF17A-8F91-421F-B132-8EEAE7E4E5AF}.Debug|Any CPU.ActiveCfg = Debug|Any CPU
		{C9BCF17A-8F91-421F-B132-8EEAE7E4E5AF}.Debug|Any CPU.Build.0 = Debug|Any CPU
		{C9BCF17A-8F91-421F-B132-8EEAE7E4E5AF}.Debug|ARM.ActiveCfg = Debug|Any CPU
		{C9BCF17A-8F91-421F-B132-8EEAE7E4E5AF}.Debug|ARM.Build.0 = Debug|Any CPU
		{C9BCF17A-8F91-421F-B132-8EEAE7E4E5AF}.Debug|iPhone.ActiveCfg = Debug|Any CPU
		{C9BCF17A-8F91-421F-B132-8EEAE7E4E5AF}.Debug|iPhone.Build.0 = Debug|Any CPU
		{C9BCF17A-8F91-421F-B132-8EEAE7E4E5AF}.Debug|iPhoneSimulator.ActiveCfg = Debug|Any CPU
		{C9BCF17A-8F91-421F-B132-8EEAE7E4E5AF}.Debug|iPhoneSimulator.Build.0 = Debug|Any CPU
		{C9BCF17A-8F91-421F-B132-8EEAE7E4E5AF}.Debug|x64.ActiveCfg = Debug|Any CPU
		{C9BCF17A-8F91-421F-B132-8EEAE7E4E5AF}.Debug|x64.Build.0 = Debug|Any CPU
		{C9BCF17A-8F91-421F-B132-8EEAE7E4E5AF}.Debug|x86.ActiveCfg = Debug|Any CPU
		{C9BCF17A-8F91-421F-B132-8EEAE7E4E5AF}.Debug|x86.Build.0 = Debug|Any CPU
		{C9BCF17A-8F91-421F-B132-8EEAE7E4E5AF}.Release|Any CPU.ActiveCfg = Release|Any CPU
		{C9BCF17A-8F91-421F-B132-8EEAE7E4E5AF}.Release|Any CPU.Build.0 = Release|Any CPU
		{C9BCF17A-8F91-421F-B132-8EEAE7E4E5AF}.Release|ARM.ActiveCfg = Release|Any CPU
		{C9BCF17A-8F91-421F-B132-8EEAE7E4E5AF}.Release|ARM.Build.0 = Release|Any CPU
		{C9BCF17A-8F91-421F-B132-8EEAE7E4E5AF}.Release|iPhone.ActiveCfg = Release|Any CPU
		{C9BCF17A-8F91-421F-B132-8EEAE7E4E5AF}.Release|iPhone.Build.0 = Release|Any CPU
		{C9BCF17A-8F91-421F-B132-8EEAE7E4E5AF}.Release|iPhoneSimulator.ActiveCfg = Release|Any CPU
		{C9BCF17A-8F91-421F-B132-8EEAE7E4E5AF}.Release|iPhoneSimulator.Build.0 = Release|Any CPU
		{C9BCF17A-8F91-421F-B132-8EEAE7E4E5AF}.Release|x64.ActiveCfg = Release|Any CPU
		{C9BCF17A-8F91-421F-B132-8EEAE7E4E5AF}.Release|x64.Build.0 = Release|Any CPU
		{C9BCF17A-8F91-421F-B132-8EEAE7E4E5AF}.Release|x86.ActiveCfg = Release|Any CPU
		{C9BCF17A-8F91-421F-B132-8EEAE7E4E5AF}.Release|x86.Build.0 = Release|Any CPU
		{8DE46E88-9929-4279-AA73-A27BA7DFE8BA}.Ad-Hoc|Any CPU.ActiveCfg = Release|Any CPU
		{8DE46E88-9929-4279-AA73-A27BA7DFE8BA}.Ad-Hoc|Any CPU.Build.0 = Release|Any CPU
		{8DE46E88-9929-4279-AA73-A27BA7DFE8BA}.Ad-Hoc|Any CPU.Deploy.0 = Release|Any CPU
		{8DE46E88-9929-4279-AA73-A27BA7DFE8BA}.Ad-Hoc|ARM.ActiveCfg = Release|Any CPU
		{8DE46E88-9929-4279-AA73-A27BA7DFE8BA}.Ad-Hoc|ARM.Build.0 = Release|Any CPU
		{8DE46E88-9929-4279-AA73-A27BA7DFE8BA}.Ad-Hoc|ARM.Deploy.0 = Release|Any CPU
		{8DE46E88-9929-4279-AA73-A27BA7DFE8BA}.Ad-Hoc|iPhone.ActiveCfg = Release|Any CPU
		{8DE46E88-9929-4279-AA73-A27BA7DFE8BA}.Ad-Hoc|iPhone.Build.0 = Release|Any CPU
		{8DE46E88-9929-4279-AA73-A27BA7DFE8BA}.Ad-Hoc|iPhone.Deploy.0 = Release|Any CPU
		{8DE46E88-9929-4279-AA73-A27BA7DFE8BA}.Ad-Hoc|iPhoneSimulator.ActiveCfg = Release|Any CPU
		{8DE46E88-9929-4279-AA73-A27BA7DFE8BA}.Ad-Hoc|iPhoneSimulator.Build.0 = Release|Any CPU
		{8DE46E88-9929-4279-AA73-A27BA7DFE8BA}.Ad-Hoc|iPhoneSimulator.Deploy.0 = Release|Any CPU
		{8DE46E88-9929-4279-AA73-A27BA7DFE8BA}.Ad-Hoc|x64.ActiveCfg = Release|Any CPU
		{8DE46E88-9929-4279-AA73-A27BA7DFE8BA}.Ad-Hoc|x64.Build.0 = Release|Any CPU
		{8DE46E88-9929-4279-AA73-A27BA7DFE8BA}.Ad-Hoc|x64.Deploy.0 = Release|Any CPU
		{8DE46E88-9929-4279-AA73-A27BA7DFE8BA}.Ad-Hoc|x86.ActiveCfg = Release|Any CPU
		{8DE46E88-9929-4279-AA73-A27BA7DFE8BA}.Ad-Hoc|x86.Build.0 = Release|Any CPU
		{8DE46E88-9929-4279-AA73-A27BA7DFE8BA}.Ad-Hoc|x86.Deploy.0 = Release|Any CPU
		{8DE46E88-9929-4279-AA73-A27BA7DFE8BA}.AppStore|Any CPU.ActiveCfg = Release|Any CPU
		{8DE46E88-9929-4279-AA73-A27BA7DFE8BA}.AppStore|Any CPU.Build.0 = Release|Any CPU
		{8DE46E88-9929-4279-AA73-A27BA7DFE8BA}.AppStore|Any CPU.Deploy.0 = Release|Any CPU
		{8DE46E88-9929-4279-AA73-A27BA7DFE8BA}.AppStore|ARM.ActiveCfg = Release|Any CPU
		{8DE46E88-9929-4279-AA73-A27BA7DFE8BA}.AppStore|ARM.Build.0 = Release|Any CPU
		{8DE46E88-9929-4279-AA73-A27BA7DFE8BA}.AppStore|ARM.Deploy.0 = Release|Any CPU
		{8DE46E88-9929-4279-AA73-A27BA7DFE8BA}.AppStore|iPhone.ActiveCfg = Release|Any CPU
		{8DE46E88-9929-4279-AA73-A27BA7DFE8BA}.AppStore|iPhone.Build.0 = Release|Any CPU
		{8DE46E88-9929-4279-AA73-A27BA7DFE8BA}.AppStore|iPhone.Deploy.0 = Release|Any CPU
		{8DE46E88-9929-4279-AA73-A27BA7DFE8BA}.AppStore|iPhoneSimulator.ActiveCfg = Release|Any CPU
		{8DE46E88-9929-4279-AA73-A27BA7DFE8BA}.AppStore|iPhoneSimulator.Build.0 = Release|Any CPU
		{8DE46E88-9929-4279-AA73-A27BA7DFE8BA}.AppStore|iPhoneSimulator.Deploy.0 = Release|Any CPU
		{8DE46E88-9929-4279-AA73-A27BA7DFE8BA}.AppStore|x64.ActiveCfg = Release|Any CPU
		{8DE46E88-9929-4279-AA73-A27BA7DFE8BA}.AppStore|x64.Build.0 = Release|Any CPU
		{8DE46E88-9929-4279-AA73-A27BA7DFE8BA}.AppStore|x64.Deploy.0 = Release|Any CPU
		{8DE46E88-9929-4279-AA73-A27BA7DFE8BA}.AppStore|x86.ActiveCfg = Release|Any CPU
		{8DE46E88-9929-4279-AA73-A27BA7DFE8BA}.AppStore|x86.Build.0 = Release|Any CPU
		{8DE46E88-9929-4279-AA73-A27BA7DFE8BA}.AppStore|x86.Deploy.0 = Release|Any CPU
		{8DE46E88-9929-4279-AA73-A27BA7DFE8BA}.Debug|Any CPU.ActiveCfg = Debug|Any CPU
		{8DE46E88-9929-4279-AA73-A27BA7DFE8BA}.Debug|Any CPU.Build.0 = Debug|Any CPU
		{8DE46E88-9929-4279-AA73-A27BA7DFE8BA}.Debug|Any CPU.Deploy.0 = Debug|Any CPU
		{8DE46E88-9929-4279-AA73-A27BA7DFE8BA}.Debug|ARM.ActiveCfg = Debug|Any CPU
		{8DE46E88-9929-4279-AA73-A27BA7DFE8BA}.Debug|ARM.Build.0 = Debug|Any CPU
		{8DE46E88-9929-4279-AA73-A27BA7DFE8BA}.Debug|ARM.Deploy.0 = Debug|Any CPU
		{8DE46E88-9929-4279-AA73-A27BA7DFE8BA}.Debug|iPhone.ActiveCfg = Debug|Any CPU
		{8DE46E88-9929-4279-AA73-A27BA7DFE8BA}.Debug|iPhone.Build.0 = Debug|Any CPU
		{8DE46E88-9929-4279-AA73-A27BA7DFE8BA}.Debug|iPhone.Deploy.0 = Debug|Any CPU
		{8DE46E88-9929-4279-AA73-A27BA7DFE8BA}.Debug|iPhoneSimulator.ActiveCfg = Debug|Any CPU
		{8DE46E88-9929-4279-AA73-A27BA7DFE8BA}.Debug|iPhoneSimulator.Build.0 = Debug|Any CPU
		{8DE46E88-9929-4279-AA73-A27BA7DFE8BA}.Debug|iPhoneSimulator.Deploy.0 = Debug|Any CPU
		{8DE46E88-9929-4279-AA73-A27BA7DFE8BA}.Debug|x64.ActiveCfg = Debug|Any CPU
		{8DE46E88-9929-4279-AA73-A27BA7DFE8BA}.Debug|x64.Build.0 = Debug|Any CPU
		{8DE46E88-9929-4279-AA73-A27BA7DFE8BA}.Debug|x64.Deploy.0 = Debug|Any CPU
		{8DE46E88-9929-4279-AA73-A27BA7DFE8BA}.Debug|x86.ActiveCfg = Debug|Any CPU
		{8DE46E88-9929-4279-AA73-A27BA7DFE8BA}.Debug|x86.Build.0 = Debug|Any CPU
		{8DE46E88-9929-4279-AA73-A27BA7DFE8BA}.Debug|x86.Deploy.0 = Debug|Any CPU
		{8DE46E88-9929-4279-AA73-A27BA7DFE8BA}.Release|Any CPU.ActiveCfg = Release|Any CPU
		{8DE46E88-9929-4279-AA73-A27BA7DFE8BA}.Release|Any CPU.Build.0 = Release|Any CPU
		{8DE46E88-9929-4279-AA73-A27BA7DFE8BA}.Release|Any CPU.Deploy.0 = Release|Any CPU
		{8DE46E88-9929-4279-AA73-A27BA7DFE8BA}.Release|ARM.ActiveCfg = Release|Any CPU
		{8DE46E88-9929-4279-AA73-A27BA7DFE8BA}.Release|ARM.Build.0 = Release|Any CPU
		{8DE46E88-9929-4279-AA73-A27BA7DFE8BA}.Release|ARM.Deploy.0 = Release|Any CPU
		{8DE46E88-9929-4279-AA73-A27BA7DFE8BA}.Release|iPhone.ActiveCfg = Release|Any CPU
		{8DE46E88-9929-4279-AA73-A27BA7DFE8BA}.Release|iPhone.Build.0 = Release|Any CPU
		{8DE46E88-9929-4279-AA73-A27BA7DFE8BA}.Release|iPhone.Deploy.0 = Release|Any CPU
		{8DE46E88-9929-4279-AA73-A27BA7DFE8BA}.Release|iPhoneSimulator.ActiveCfg = Release|Any CPU
		{8DE46E88-9929-4279-AA73-A27BA7DFE8BA}.Release|iPhoneSimulator.Build.0 = Release|Any CPU
		{8DE46E88-9929-4279-AA73-A27BA7DFE8BA}.Release|iPhoneSimulator.Deploy.0 = Release|Any CPU
		{8DE46E88-9929-4279-AA73-A27BA7DFE8BA}.Release|x64.ActiveCfg = Release|Any CPU
		{8DE46E88-9929-4279-AA73-A27BA7DFE8BA}.Release|x64.Build.0 = Release|Any CPU
		{8DE46E88-9929-4279-AA73-A27BA7DFE8BA}.Release|x64.Deploy.0 = Release|Any CPU
		{8DE46E88-9929-4279-AA73-A27BA7DFE8BA}.Release|x86.ActiveCfg = Release|Any CPU
		{8DE46E88-9929-4279-AA73-A27BA7DFE8BA}.Release|x86.Build.0 = Release|Any CPU
		{8DE46E88-9929-4279-AA73-A27BA7DFE8BA}.Release|x86.Deploy.0 = Release|Any CPU
		{167EBECE-7F99-4DEF-8E2C-BE5C20FAF1ED}.Ad-Hoc|Any CPU.ActiveCfg = Ad-Hoc|iPhone
		{167EBECE-7F99-4DEF-8E2C-BE5C20FAF1ED}.Ad-Hoc|ARM.ActiveCfg = Ad-Hoc|iPhone
		{167EBECE-7F99-4DEF-8E2C-BE5C20FAF1ED}.Ad-Hoc|iPhone.ActiveCfg = Ad-Hoc|iPhone
		{167EBECE-7F99-4DEF-8E2C-BE5C20FAF1ED}.Ad-Hoc|iPhone.Build.0 = Ad-Hoc|iPhone
		{167EBECE-7F99-4DEF-8E2C-BE5C20FAF1ED}.Ad-Hoc|iPhoneSimulator.ActiveCfg = Ad-Hoc|iPhoneSimulator
		{167EBECE-7F99-4DEF-8E2C-BE5C20FAF1ED}.Ad-Hoc|iPhoneSimulator.Build.0 = Ad-Hoc|iPhoneSimulator
		{167EBECE-7F99-4DEF-8E2C-BE5C20FAF1ED}.Ad-Hoc|x64.ActiveCfg = Ad-Hoc|iPhone
		{167EBECE-7F99-4DEF-8E2C-BE5C20FAF1ED}.Ad-Hoc|x86.ActiveCfg = Ad-Hoc|iPhone
		{167EBECE-7F99-4DEF-8E2C-BE5C20FAF1ED}.AppStore|Any CPU.ActiveCfg = AppStore|iPhone
		{167EBECE-7F99-4DEF-8E2C-BE5C20FAF1ED}.AppStore|ARM.ActiveCfg = AppStore|iPhone
		{167EBECE-7F99-4DEF-8E2C-BE5C20FAF1ED}.AppStore|iPhone.ActiveCfg = AppStore|iPhone
		{167EBECE-7F99-4DEF-8E2C-BE5C20FAF1ED}.AppStore|iPhone.Build.0 = AppStore|iPhone
		{167EBECE-7F99-4DEF-8E2C-BE5C20FAF1ED}.AppStore|iPhoneSimulator.ActiveCfg = AppStore|iPhoneSimulator
		{167EBECE-7F99-4DEF-8E2C-BE5C20FAF1ED}.AppStore|iPhoneSimulator.Build.0 = AppStore|iPhoneSimulator
		{167EBECE-7F99-4DEF-8E2C-BE5C20FAF1ED}.AppStore|x64.ActiveCfg = AppStore|iPhone
		{167EBECE-7F99-4DEF-8E2C-BE5C20FAF1ED}.AppStore|x86.ActiveCfg = AppStore|iPhone
		{167EBECE-7F99-4DEF-8E2C-BE5C20FAF1ED}.Debug|Any CPU.ActiveCfg = Debug|iPhone
		{167EBECE-7F99-4DEF-8E2C-BE5C20FAF1ED}.Debug|ARM.ActiveCfg = Debug|iPhone
		{167EBECE-7F99-4DEF-8E2C-BE5C20FAF1ED}.Debug|iPhone.ActiveCfg = Debug|iPhone
		{167EBECE-7F99-4DEF-8E2C-BE5C20FAF1ED}.Debug|iPhone.Build.0 = Debug|iPhone
		{167EBECE-7F99-4DEF-8E2C-BE5C20FAF1ED}.Debug|iPhoneSimulator.ActiveCfg = Debug|iPhoneSimulator
		{167EBECE-7F99-4DEF-8E2C-BE5C20FAF1ED}.Debug|iPhoneSimulator.Build.0 = Debug|iPhoneSimulator
		{167EBECE-7F99-4DEF-8E2C-BE5C20FAF1ED}.Debug|x64.ActiveCfg = Debug|iPhone
		{167EBECE-7F99-4DEF-8E2C-BE5C20FAF1ED}.Debug|x86.ActiveCfg = Debug|iPhone
		{167EBECE-7F99-4DEF-8E2C-BE5C20FAF1ED}.Release|Any CPU.ActiveCfg = Release|iPhone
		{167EBECE-7F99-4DEF-8E2C-BE5C20FAF1ED}.Release|ARM.ActiveCfg = Release|iPhone
		{167EBECE-7F99-4DEF-8E2C-BE5C20FAF1ED}.Release|iPhone.ActiveCfg = Release|iPhone
		{167EBECE-7F99-4DEF-8E2C-BE5C20FAF1ED}.Release|iPhone.Build.0 = Release|iPhone
		{167EBECE-7F99-4DEF-8E2C-BE5C20FAF1ED}.Release|iPhoneSimulator.ActiveCfg = Release|iPhoneSimulator
		{167EBECE-7F99-4DEF-8E2C-BE5C20FAF1ED}.Release|iPhoneSimulator.Build.0 = Release|iPhoneSimulator
		{167EBECE-7F99-4DEF-8E2C-BE5C20FAF1ED}.Release|x64.ActiveCfg = Release|iPhone
		{167EBECE-7F99-4DEF-8E2C-BE5C20FAF1ED}.Release|x86.ActiveCfg = Release|iPhone
		{3884B627-4AC0-4947-8366-8A6E26D2F77C}.Ad-Hoc|Any CPU.ActiveCfg = Release|Any CPU
		{3884B627-4AC0-4947-8366-8A6E26D2F77C}.Ad-Hoc|Any CPU.Build.0 = Release|Any CPU
		{3884B627-4AC0-4947-8366-8A6E26D2F77C}.Ad-Hoc|Any CPU.Deploy.0 = Release|Any CPU
		{3884B627-4AC0-4947-8366-8A6E26D2F77C}.Ad-Hoc|ARM.ActiveCfg = Release|ARM
		{3884B627-4AC0-4947-8366-8A6E26D2F77C}.Ad-Hoc|ARM.Build.0 = Release|ARM
		{3884B627-4AC0-4947-8366-8A6E26D2F77C}.Ad-Hoc|ARM.Deploy.0 = Release|ARM
		{3884B627-4AC0-4947-8366-8A6E26D2F77C}.Ad-Hoc|iPhone.ActiveCfg = Release|Any CPU
		{3884B627-4AC0-4947-8366-8A6E26D2F77C}.Ad-Hoc|iPhone.Build.0 = Release|Any CPU
		{3884B627-4AC0-4947-8366-8A6E26D2F77C}.Ad-Hoc|iPhone.Deploy.0 = Release|Any CPU
		{3884B627-4AC0-4947-8366-8A6E26D2F77C}.Ad-Hoc|iPhoneSimulator.ActiveCfg = Release|Any CPU
		{3884B627-4AC0-4947-8366-8A6E26D2F77C}.Ad-Hoc|iPhoneSimulator.Build.0 = Release|Any CPU
		{3884B627-4AC0-4947-8366-8A6E26D2F77C}.Ad-Hoc|iPhoneSimulator.Deploy.0 = Release|Any CPU
		{3884B627-4AC0-4947-8366-8A6E26D2F77C}.Ad-Hoc|x64.ActiveCfg = Release|Any CPU
		{3884B627-4AC0-4947-8366-8A6E26D2F77C}.Ad-Hoc|x64.Build.0 = Release|Any CPU
		{3884B627-4AC0-4947-8366-8A6E26D2F77C}.Ad-Hoc|x64.Deploy.0 = Release|Any CPU
		{3884B627-4AC0-4947-8366-8A6E26D2F77C}.Ad-Hoc|x86.ActiveCfg = Release|x86
		{3884B627-4AC0-4947-8366-8A6E26D2F77C}.Ad-Hoc|x86.Build.0 = Release|x86
		{3884B627-4AC0-4947-8366-8A6E26D2F77C}.Ad-Hoc|x86.Deploy.0 = Release|x86
		{3884B627-4AC0-4947-8366-8A6E26D2F77C}.AppStore|Any CPU.ActiveCfg = Release|Any CPU
		{3884B627-4AC0-4947-8366-8A6E26D2F77C}.AppStore|Any CPU.Build.0 = Release|Any CPU
		{3884B627-4AC0-4947-8366-8A6E26D2F77C}.AppStore|Any CPU.Deploy.0 = Release|Any CPU
		{3884B627-4AC0-4947-8366-8A6E26D2F77C}.AppStore|ARM.ActiveCfg = Release|ARM
		{3884B627-4AC0-4947-8366-8A6E26D2F77C}.AppStore|ARM.Build.0 = Release|ARM
		{3884B627-4AC0-4947-8366-8A6E26D2F77C}.AppStore|ARM.Deploy.0 = Release|ARM
		{3884B627-4AC0-4947-8366-8A6E26D2F77C}.AppStore|iPhone.ActiveCfg = Release|Any CPU
		{3884B627-4AC0-4947-8366-8A6E26D2F77C}.AppStore|iPhone.Build.0 = Release|Any CPU
		{3884B627-4AC0-4947-8366-8A6E26D2F77C}.AppStore|iPhone.Deploy.0 = Release|Any CPU
		{3884B627-4AC0-4947-8366-8A6E26D2F77C}.AppStore|iPhoneSimulator.ActiveCfg = Release|Any CPU
		{3884B627-4AC0-4947-8366-8A6E26D2F77C}.AppStore|iPhoneSimulator.Build.0 = Release|Any CPU
		{3884B627-4AC0-4947-8366-8A6E26D2F77C}.AppStore|iPhoneSimulator.Deploy.0 = Release|Any CPU
		{3884B627-4AC0-4947-8366-8A6E26D2F77C}.AppStore|x64.ActiveCfg = Release|Any CPU
		{3884B627-4AC0-4947-8366-8A6E26D2F77C}.AppStore|x64.Build.0 = Release|Any CPU
		{3884B627-4AC0-4947-8366-8A6E26D2F77C}.AppStore|x64.Deploy.0 = Release|Any CPU
		{3884B627-4AC0-4947-8366-8A6E26D2F77C}.AppStore|x86.ActiveCfg = Release|x86
		{3884B627-4AC0-4947-8366-8A6E26D2F77C}.AppStore|x86.Build.0 = Release|x86
		{3884B627-4AC0-4947-8366-8A6E26D2F77C}.AppStore|x86.Deploy.0 = Release|x86
		{3884B627-4AC0-4947-8366-8A6E26D2F77C}.Debug|Any CPU.ActiveCfg = Debug|Any CPU
		{3884B627-4AC0-4947-8366-8A6E26D2F77C}.Debug|Any CPU.Build.0 = Debug|Any CPU
		{3884B627-4AC0-4947-8366-8A6E26D2F77C}.Debug|Any CPU.Deploy.0 = Debug|Any CPU
		{3884B627-4AC0-4947-8366-8A6E26D2F77C}.Debug|ARM.ActiveCfg = Debug|ARM
		{3884B627-4AC0-4947-8366-8A6E26D2F77C}.Debug|ARM.Build.0 = Debug|ARM
		{3884B627-4AC0-4947-8366-8A6E26D2F77C}.Debug|ARM.Deploy.0 = Debug|ARM
		{3884B627-4AC0-4947-8366-8A6E26D2F77C}.Debug|iPhone.ActiveCfg = Debug|Any CPU
		{3884B627-4AC0-4947-8366-8A6E26D2F77C}.Debug|iPhone.Build.0 = Debug|Any CPU
		{3884B627-4AC0-4947-8366-8A6E26D2F77C}.Debug|iPhone.Deploy.0 = Debug|Any CPU
		{3884B627-4AC0-4947-8366-8A6E26D2F77C}.Debug|iPhoneSimulator.ActiveCfg = Debug|Any CPU
		{3884B627-4AC0-4947-8366-8A6E26D2F77C}.Debug|iPhoneSimulator.Build.0 = Debug|Any CPU
		{3884B627-4AC0-4947-8366-8A6E26D2F77C}.Debug|iPhoneSimulator.Deploy.0 = Debug|Any CPU
		{3884B627-4AC0-4947-8366-8A6E26D2F77C}.Debug|x64.ActiveCfg = Debug|Any CPU
		{3884B627-4AC0-4947-8366-8A6E26D2F77C}.Debug|x64.Build.0 = Debug|Any CPU
		{3884B627-4AC0-4947-8366-8A6E26D2F77C}.Debug|x64.Deploy.0 = Debug|Any CPU
		{3884B627-4AC0-4947-8366-8A6E26D2F77C}.Debug|x86.ActiveCfg = Debug|x86
		{3884B627-4AC0-4947-8366-8A6E26D2F77C}.Debug|x86.Build.0 = Debug|x86
		{3884B627-4AC0-4947-8366-8A6E26D2F77C}.Debug|x86.Deploy.0 = Debug|x86
		{3884B627-4AC0-4947-8366-8A6E26D2F77C}.Release|Any CPU.ActiveCfg = Release|Any CPU
		{3884B627-4AC0-4947-8366-8A6E26D2F77C}.Release|Any CPU.Build.0 = Release|Any CPU
		{3884B627-4AC0-4947-8366-8A6E26D2F77C}.Release|Any CPU.Deploy.0 = Release|Any CPU
		{3884B627-4AC0-4947-8366-8A6E26D2F77C}.Release|ARM.ActiveCfg = Release|ARM
		{3884B627-4AC0-4947-8366-8A6E26D2F77C}.Release|ARM.Build.0 = Release|ARM
		{3884B627-4AC0-4947-8366-8A6E26D2F77C}.Release|ARM.Deploy.0 = Release|ARM
		{3884B627-4AC0-4947-8366-8A6E26D2F77C}.Release|iPhone.ActiveCfg = Release|Any CPU
		{3884B627-4AC0-4947-8366-8A6E26D2F77C}.Release|iPhone.Build.0 = Release|Any CPU
		{3884B627-4AC0-4947-8366-8A6E26D2F77C}.Release|iPhone.Deploy.0 = Release|Any CPU
		{3884B627-4AC0-4947-8366-8A6E26D2F77C}.Release|iPhoneSimulator.ActiveCfg = Release|Any CPU
		{3884B627-4AC0-4947-8366-8A6E26D2F77C}.Release|iPhoneSimulator.Build.0 = Release|Any CPU
		{3884B627-4AC0-4947-8366-8A6E26D2F77C}.Release|iPhoneSimulator.Deploy.0 = Release|Any CPU
		{3884B627-4AC0-4947-8366-8A6E26D2F77C}.Release|x64.ActiveCfg = Release|Any CPU
		{3884B627-4AC0-4947-8366-8A6E26D2F77C}.Release|x64.Build.0 = Release|Any CPU
		{3884B627-4AC0-4947-8366-8A6E26D2F77C}.Release|x64.Deploy.0 = Release|Any CPU
		{3884B627-4AC0-4947-8366-8A6E26D2F77C}.Release|x86.ActiveCfg = Release|x86
		{3884B627-4AC0-4947-8366-8A6E26D2F77C}.Release|x86.Build.0 = Release|x86
		{3884B627-4AC0-4947-8366-8A6E26D2F77C}.Release|x86.Deploy.0 = Release|x86
		{CD9B2FFA-ED54-4FAD-B634-FD1D70D6FD3D}.Ad-Hoc|Any CPU.ActiveCfg = Release|x86
		{CD9B2FFA-ED54-4FAD-B634-FD1D70D6FD3D}.Ad-Hoc|Any CPU.Build.0 = Release|x86
		{CD9B2FFA-ED54-4FAD-B634-FD1D70D6FD3D}.Ad-Hoc|Any CPU.Deploy.0 = Release|x86
		{CD9B2FFA-ED54-4FAD-B634-FD1D70D6FD3D}.Ad-Hoc|ARM.ActiveCfg = Release|ARM
		{CD9B2FFA-ED54-4FAD-B634-FD1D70D6FD3D}.Ad-Hoc|ARM.Build.0 = Release|ARM
		{CD9B2FFA-ED54-4FAD-B634-FD1D70D6FD3D}.Ad-Hoc|ARM.Deploy.0 = Release|ARM
		{CD9B2FFA-ED54-4FAD-B634-FD1D70D6FD3D}.Ad-Hoc|iPhone.ActiveCfg = Release|x86
		{CD9B2FFA-ED54-4FAD-B634-FD1D70D6FD3D}.Ad-Hoc|iPhone.Build.0 = Release|x86
		{CD9B2FFA-ED54-4FAD-B634-FD1D70D6FD3D}.Ad-Hoc|iPhone.Deploy.0 = Release|x86
		{CD9B2FFA-ED54-4FAD-B634-FD1D70D6FD3D}.Ad-Hoc|iPhoneSimulator.ActiveCfg = Release|x86
		{CD9B2FFA-ED54-4FAD-B634-FD1D70D6FD3D}.Ad-Hoc|iPhoneSimulator.Build.0 = Release|x86
		{CD9B2FFA-ED54-4FAD-B634-FD1D70D6FD3D}.Ad-Hoc|iPhoneSimulator.Deploy.0 = Release|x86
		{CD9B2FFA-ED54-4FAD-B634-FD1D70D6FD3D}.Ad-Hoc|x64.ActiveCfg = Release|x64
		{CD9B2FFA-ED54-4FAD-B634-FD1D70D6FD3D}.Ad-Hoc|x64.Build.0 = Release|x64
		{CD9B2FFA-ED54-4FAD-B634-FD1D70D6FD3D}.Ad-Hoc|x64.Deploy.0 = Release|x64
		{CD9B2FFA-ED54-4FAD-B634-FD1D70D6FD3D}.Ad-Hoc|x86.ActiveCfg = Release|x86
		{CD9B2FFA-ED54-4FAD-B634-FD1D70D6FD3D}.Ad-Hoc|x86.Build.0 = Release|x86
		{CD9B2FFA-ED54-4FAD-B634-FD1D70D6FD3D}.Ad-Hoc|x86.Deploy.0 = Release|x86
		{CD9B2FFA-ED54-4FAD-B634-FD1D70D6FD3D}.AppStore|Any CPU.ActiveCfg = Release|x86
		{CD9B2FFA-ED54-4FAD-B634-FD1D70D6FD3D}.AppStore|Any CPU.Build.0 = Release|x86
		{CD9B2FFA-ED54-4FAD-B634-FD1D70D6FD3D}.AppStore|Any CPU.Deploy.0 = Release|x86
		{CD9B2FFA-ED54-4FAD-B634-FD1D70D6FD3D}.AppStore|ARM.ActiveCfg = Release|ARM
		{CD9B2FFA-ED54-4FAD-B634-FD1D70D6FD3D}.AppStore|ARM.Build.0 = Release|ARM
		{CD9B2FFA-ED54-4FAD-B634-FD1D70D6FD3D}.AppStore|ARM.Deploy.0 = Release|ARM
		{CD9B2FFA-ED54-4FAD-B634-FD1D70D6FD3D}.AppStore|iPhone.ActiveCfg = Release|x86
		{CD9B2FFA-ED54-4FAD-B634-FD1D70D6FD3D}.AppStore|iPhone.Build.0 = Release|x86
		{CD9B2FFA-ED54-4FAD-B634-FD1D70D6FD3D}.AppStore|iPhone.Deploy.0 = Release|x86
		{CD9B2FFA-ED54-4FAD-B634-FD1D70D6FD3D}.AppStore|iPhoneSimulator.ActiveCfg = Release|x86
		{CD9B2FFA-ED54-4FAD-B634-FD1D70D6FD3D}.AppStore|iPhoneSimulator.Build.0 = Release|x86
		{CD9B2FFA-ED54-4FAD-B634-FD1D70D6FD3D}.AppStore|iPhoneSimulator.Deploy.0 = Release|x86
		{CD9B2FFA-ED54-4FAD-B634-FD1D70D6FD3D}.AppStore|x64.ActiveCfg = Release|x64
		{CD9B2FFA-ED54-4FAD-B634-FD1D70D6FD3D}.AppStore|x64.Build.0 = Release|x64
		{CD9B2FFA-ED54-4FAD-B634-FD1D70D6FD3D}.AppStore|x64.Deploy.0 = Release|x64
		{CD9B2FFA-ED54-4FAD-B634-FD1D70D6FD3D}.AppStore|x86.ActiveCfg = Release|x86
		{CD9B2FFA-ED54-4FAD-B634-FD1D70D6FD3D}.AppStore|x86.Build.0 = Release|x86
		{CD9B2FFA-ED54-4FAD-B634-FD1D70D6FD3D}.AppStore|x86.Deploy.0 = Release|x86
		{CD9B2FFA-ED54-4FAD-B634-FD1D70D6FD3D}.Debug|Any CPU.ActiveCfg = Debug|x86
		{CD9B2FFA-ED54-4FAD-B634-FD1D70D6FD3D}.Debug|ARM.ActiveCfg = Debug|ARM
		{CD9B2FFA-ED54-4FAD-B634-FD1D70D6FD3D}.Debug|ARM.Build.0 = Debug|ARM
		{CD9B2FFA-ED54-4FAD-B634-FD1D70D6FD3D}.Debug|ARM.Deploy.0 = Debug|ARM
		{CD9B2FFA-ED54-4FAD-B634-FD1D70D6FD3D}.Debug|iPhone.ActiveCfg = Debug|x86
		{CD9B2FFA-ED54-4FAD-B634-FD1D70D6FD3D}.Debug|iPhoneSimulator.ActiveCfg = Debug|x86
		{CD9B2FFA-ED54-4FAD-B634-FD1D70D6FD3D}.Debug|x64.ActiveCfg = Debug|x64
		{CD9B2FFA-ED54-4FAD-B634-FD1D70D6FD3D}.Debug|x64.Build.0 = Debug|x64
		{CD9B2FFA-ED54-4FAD-B634-FD1D70D6FD3D}.Debug|x64.Deploy.0 = Debug|x64
		{CD9B2FFA-ED54-4FAD-B634-FD1D70D6FD3D}.Debug|x86.ActiveCfg = Debug|x86
		{CD9B2FFA-ED54-4FAD-B634-FD1D70D6FD3D}.Debug|x86.Build.0 = Debug|x86
		{CD9B2FFA-ED54-4FAD-B634-FD1D70D6FD3D}.Debug|x86.Deploy.0 = Debug|x86
		{CD9B2FFA-ED54-4FAD-B634-FD1D70D6FD3D}.Release|Any CPU.ActiveCfg = Release|x86
		{CD9B2FFA-ED54-4FAD-B634-FD1D70D6FD3D}.Release|ARM.ActiveCfg = Release|ARM
		{CD9B2FFA-ED54-4FAD-B634-FD1D70D6FD3D}.Release|ARM.Build.0 = Release|ARM
		{CD9B2FFA-ED54-4FAD-B634-FD1D70D6FD3D}.Release|ARM.Deploy.0 = Release|ARM
		{CD9B2FFA-ED54-4FAD-B634-FD1D70D6FD3D}.Release|iPhone.ActiveCfg = Release|x86
		{CD9B2FFA-ED54-4FAD-B634-FD1D70D6FD3D}.Release|iPhoneSimulator.ActiveCfg = Release|x86
		{CD9B2FFA-ED54-4FAD-B634-FD1D70D6FD3D}.Release|x64.ActiveCfg = Release|x64
		{CD9B2FFA-ED54-4FAD-B634-FD1D70D6FD3D}.Release|x64.Build.0 = Release|x64
		{CD9B2FFA-ED54-4FAD-B634-FD1D70D6FD3D}.Release|x64.Deploy.0 = Release|x64
		{CD9B2FFA-ED54-4FAD-B634-FD1D70D6FD3D}.Release|x86.ActiveCfg = Release|x86
		{CD9B2FFA-ED54-4FAD-B634-FD1D70D6FD3D}.Release|x86.Build.0 = Release|x86
		{CD9B2FFA-ED54-4FAD-B634-FD1D70D6FD3D}.Release|x86.Deploy.0 = Release|x86
		{F5664625-06F5-4E95-AF2B-B07B250D4713}.Ad-Hoc|Any CPU.ActiveCfg = Release|Any CPU
		{F5664625-06F5-4E95-AF2B-B07B250D4713}.Ad-Hoc|Any CPU.Build.0 = Release|Any CPU
		{F5664625-06F5-4E95-AF2B-B07B250D4713}.Ad-Hoc|Any CPU.Deploy.0 = Release|Any CPU
		{F5664625-06F5-4E95-AF2B-B07B250D4713}.Ad-Hoc|ARM.ActiveCfg = Release|ARM
		{F5664625-06F5-4E95-AF2B-B07B250D4713}.Ad-Hoc|ARM.Build.0 = Release|ARM
		{F5664625-06F5-4E95-AF2B-B07B250D4713}.Ad-Hoc|ARM.Deploy.0 = Release|ARM
		{F5664625-06F5-4E95-AF2B-B07B250D4713}.Ad-Hoc|iPhone.ActiveCfg = Release|Any CPU
		{F5664625-06F5-4E95-AF2B-B07B250D4713}.Ad-Hoc|iPhone.Build.0 = Release|Any CPU
		{F5664625-06F5-4E95-AF2B-B07B250D4713}.Ad-Hoc|iPhone.Deploy.0 = Release|Any CPU
		{F5664625-06F5-4E95-AF2B-B07B250D4713}.Ad-Hoc|iPhoneSimulator.ActiveCfg = Release|Any CPU
		{F5664625-06F5-4E95-AF2B-B07B250D4713}.Ad-Hoc|iPhoneSimulator.Build.0 = Release|Any CPU
		{F5664625-06F5-4E95-AF2B-B07B250D4713}.Ad-Hoc|iPhoneSimulator.Deploy.0 = Release|Any CPU
		{F5664625-06F5-4E95-AF2B-B07B250D4713}.Ad-Hoc|x64.ActiveCfg = Release|x64
		{F5664625-06F5-4E95-AF2B-B07B250D4713}.Ad-Hoc|x64.Build.0 = Release|x64
		{F5664625-06F5-4E95-AF2B-B07B250D4713}.Ad-Hoc|x64.Deploy.0 = Release|x64
		{F5664625-06F5-4E95-AF2B-B07B250D4713}.Ad-Hoc|x86.ActiveCfg = Release|x86
		{F5664625-06F5-4E95-AF2B-B07B250D4713}.Ad-Hoc|x86.Build.0 = Release|x86
		{F5664625-06F5-4E95-AF2B-B07B250D4713}.Ad-Hoc|x86.Deploy.0 = Release|x86
		{F5664625-06F5-4E95-AF2B-B07B250D4713}.AppStore|Any CPU.ActiveCfg = Release|Any CPU
		{F5664625-06F5-4E95-AF2B-B07B250D4713}.AppStore|Any CPU.Build.0 = Release|Any CPU
		{F5664625-06F5-4E95-AF2B-B07B250D4713}.AppStore|Any CPU.Deploy.0 = Release|Any CPU
		{F5664625-06F5-4E95-AF2B-B07B250D4713}.AppStore|ARM.ActiveCfg = Release|ARM
		{F5664625-06F5-4E95-AF2B-B07B250D4713}.AppStore|ARM.Build.0 = Release|ARM
		{F5664625-06F5-4E95-AF2B-B07B250D4713}.AppStore|ARM.Deploy.0 = Release|ARM
		{F5664625-06F5-4E95-AF2B-B07B250D4713}.AppStore|iPhone.ActiveCfg = Release|Any CPU
		{F5664625-06F5-4E95-AF2B-B07B250D4713}.AppStore|iPhone.Build.0 = Release|Any CPU
		{F5664625-06F5-4E95-AF2B-B07B250D4713}.AppStore|iPhone.Deploy.0 = Release|Any CPU
		{F5664625-06F5-4E95-AF2B-B07B250D4713}.AppStore|iPhoneSimulator.ActiveCfg = Release|Any CPU
		{F5664625-06F5-4E95-AF2B-B07B250D4713}.AppStore|iPhoneSimulator.Build.0 = Release|Any CPU
		{F5664625-06F5-4E95-AF2B-B07B250D4713}.AppStore|iPhoneSimulator.Deploy.0 = Release|Any CPU
		{F5664625-06F5-4E95-AF2B-B07B250D4713}.AppStore|x64.ActiveCfg = Release|x64
		{F5664625-06F5-4E95-AF2B-B07B250D4713}.AppStore|x64.Build.0 = Release|x64
		{F5664625-06F5-4E95-AF2B-B07B250D4713}.AppStore|x64.Deploy.0 = Release|x64
		{F5664625-06F5-4E95-AF2B-B07B250D4713}.AppStore|x86.ActiveCfg = Release|x86
		{F5664625-06F5-4E95-AF2B-B07B250D4713}.AppStore|x86.Build.0 = Release|x86
		{F5664625-06F5-4E95-AF2B-B07B250D4713}.AppStore|x86.Deploy.0 = Release|x86
		{F5664625-06F5-4E95-AF2B-B07B250D4713}.Debug|Any CPU.ActiveCfg = Debug|Any CPU
		{F5664625-06F5-4E95-AF2B-B07B250D4713}.Debug|Any CPU.Build.0 = Debug|Any CPU
		{F5664625-06F5-4E95-AF2B-B07B250D4713}.Debug|Any CPU.Deploy.0 = Debug|Any CPU
		{F5664625-06F5-4E95-AF2B-B07B250D4713}.Debug|ARM.ActiveCfg = Debug|ARM
		{F5664625-06F5-4E95-AF2B-B07B250D4713}.Debug|ARM.Build.0 = Debug|ARM
		{F5664625-06F5-4E95-AF2B-B07B250D4713}.Debug|ARM.Deploy.0 = Debug|ARM
		{F5664625-06F5-4E95-AF2B-B07B250D4713}.Debug|iPhone.ActiveCfg = Debug|Any CPU
		{F5664625-06F5-4E95-AF2B-B07B250D4713}.Debug|iPhone.Build.0 = Debug|Any CPU
		{F5664625-06F5-4E95-AF2B-B07B250D4713}.Debug|iPhone.Deploy.0 = Debug|Any CPU
		{F5664625-06F5-4E95-AF2B-B07B250D4713}.Debug|iPhoneSimulator.ActiveCfg = Debug|Any CPU
		{F5664625-06F5-4E95-AF2B-B07B250D4713}.Debug|iPhoneSimulator.Build.0 = Debug|Any CPU
		{F5664625-06F5-4E95-AF2B-B07B250D4713}.Debug|iPhoneSimulator.Deploy.0 = Debug|Any CPU
		{F5664625-06F5-4E95-AF2B-B07B250D4713}.Debug|x64.ActiveCfg = Debug|x64
		{F5664625-06F5-4E95-AF2B-B07B250D4713}.Debug|x64.Build.0 = Debug|x64
		{F5664625-06F5-4E95-AF2B-B07B250D4713}.Debug|x64.Deploy.0 = Debug|x64
		{F5664625-06F5-4E95-AF2B-B07B250D4713}.Debug|x86.ActiveCfg = Debug|x86
		{F5664625-06F5-4E95-AF2B-B07B250D4713}.Debug|x86.Build.0 = Debug|x86
		{F5664625-06F5-4E95-AF2B-B07B250D4713}.Debug|x86.Deploy.0 = Debug|x86
		{F5664625-06F5-4E95-AF2B-B07B250D4713}.Release|Any CPU.ActiveCfg = Release|Any CPU
		{F5664625-06F5-4E95-AF2B-B07B250D4713}.Release|Any CPU.Build.0 = Release|Any CPU
		{F5664625-06F5-4E95-AF2B-B07B250D4713}.Release|Any CPU.Deploy.0 = Release|Any CPU
		{F5664625-06F5-4E95-AF2B-B07B250D4713}.Release|ARM.ActiveCfg = Release|ARM
		{F5664625-06F5-4E95-AF2B-B07B250D4713}.Release|ARM.Build.0 = Release|ARM
		{F5664625-06F5-4E95-AF2B-B07B250D4713}.Release|ARM.Deploy.0 = Release|ARM
		{F5664625-06F5-4E95-AF2B-B07B250D4713}.Release|iPhone.ActiveCfg = Release|Any CPU
		{F5664625-06F5-4E95-AF2B-B07B250D4713}.Release|iPhone.Build.0 = Release|Any CPU
		{F5664625-06F5-4E95-AF2B-B07B250D4713}.Release|iPhone.Deploy.0 = Release|Any CPU
		{F5664625-06F5-4E95-AF2B-B07B250D4713}.Release|iPhoneSimulator.ActiveCfg = Release|Any CPU
		{F5664625-06F5-4E95-AF2B-B07B250D4713}.Release|iPhoneSimulator.Build.0 = Release|Any CPU
		{F5664625-06F5-4E95-AF2B-B07B250D4713}.Release|iPhoneSimulator.Deploy.0 = Release|Any CPU
		{F5664625-06F5-4E95-AF2B-B07B250D4713}.Release|x64.ActiveCfg = Release|x64
		{F5664625-06F5-4E95-AF2B-B07B250D4713}.Release|x64.Build.0 = Release|x64
		{F5664625-06F5-4E95-AF2B-B07B250D4713}.Release|x64.Deploy.0 = Release|x64
		{F5664625-06F5-4E95-AF2B-B07B250D4713}.Release|x86.ActiveCfg = Release|x86
		{F5664625-06F5-4E95-AF2B-B07B250D4713}.Release|x86.Build.0 = Release|x86
		{F5664625-06F5-4E95-AF2B-B07B250D4713}.Release|x86.Deploy.0 = Release|x86
		{188E99F7-C726-4B70-94C5-F71C14776F44}.Ad-Hoc|Any CPU.ActiveCfg = Release|Any CPU
		{188E99F7-C726-4B70-94C5-F71C14776F44}.Ad-Hoc|Any CPU.Build.0 = Release|Any CPU
		{188E99F7-C726-4B70-94C5-F71C14776F44}.Ad-Hoc|ARM.ActiveCfg = Release|Any CPU
		{188E99F7-C726-4B70-94C5-F71C14776F44}.Ad-Hoc|ARM.Build.0 = Release|Any CPU
		{188E99F7-C726-4B70-94C5-F71C14776F44}.Ad-Hoc|iPhone.ActiveCfg = Release|Any CPU
		{188E99F7-C726-4B70-94C5-F71C14776F44}.Ad-Hoc|iPhone.Build.0 = Release|Any CPU
		{188E99F7-C726-4B70-94C5-F71C14776F44}.Ad-Hoc|iPhoneSimulator.ActiveCfg = Release|Any CPU
		{188E99F7-C726-4B70-94C5-F71C14776F44}.Ad-Hoc|iPhoneSimulator.Build.0 = Release|Any CPU
		{188E99F7-C726-4B70-94C5-F71C14776F44}.Ad-Hoc|x64.ActiveCfg = Release|Any CPU
		{188E99F7-C726-4B70-94C5-F71C14776F44}.Ad-Hoc|x64.Build.0 = Release|Any CPU
		{188E99F7-C726-4B70-94C5-F71C14776F44}.Ad-Hoc|x86.ActiveCfg = Release|Any CPU
		{188E99F7-C726-4B70-94C5-F71C14776F44}.Ad-Hoc|x86.Build.0 = Release|Any CPU
		{188E99F7-C726-4B70-94C5-F71C14776F44}.AppStore|Any CPU.ActiveCfg = Release|Any CPU
		{188E99F7-C726-4B70-94C5-F71C14776F44}.AppStore|Any CPU.Build.0 = Release|Any CPU
		{188E99F7-C726-4B70-94C5-F71C14776F44}.AppStore|ARM.ActiveCfg = Release|Any CPU
		{188E99F7-C726-4B70-94C5-F71C14776F44}.AppStore|ARM.Build.0 = Release|Any CPU
		{188E99F7-C726-4B70-94C5-F71C14776F44}.AppStore|iPhone.ActiveCfg = Release|Any CPU
		{188E99F7-C726-4B70-94C5-F71C14776F44}.AppStore|iPhone.Build.0 = Release|Any CPU
		{188E99F7-C726-4B70-94C5-F71C14776F44}.AppStore|iPhoneSimulator.ActiveCfg = Release|Any CPU
		{188E99F7-C726-4B70-94C5-F71C14776F44}.AppStore|iPhoneSimulator.Build.0 = Release|Any CPU
		{188E99F7-C726-4B70-94C5-F71C14776F44}.AppStore|x64.ActiveCfg = Release|Any CPU
		{188E99F7-C726-4B70-94C5-F71C14776F44}.AppStore|x64.Build.0 = Release|Any CPU
		{188E99F7-C726-4B70-94C5-F71C14776F44}.AppStore|x86.ActiveCfg = Release|Any CPU
		{188E99F7-C726-4B70-94C5-F71C14776F44}.AppStore|x86.Build.0 = Release|Any CPU
		{188E99F7-C726-4B70-94C5-F71C14776F44}.Debug|Any CPU.ActiveCfg = Debug|Any CPU
		{188E99F7-C726-4B70-94C5-F71C14776F44}.Debug|Any CPU.Build.0 = Debug|Any CPU
		{188E99F7-C726-4B70-94C5-F71C14776F44}.Debug|ARM.ActiveCfg = Debug|Any CPU
		{188E99F7-C726-4B70-94C5-F71C14776F44}.Debug|ARM.Build.0 = Debug|Any CPU
		{188E99F7-C726-4B70-94C5-F71C14776F44}.Debug|iPhone.ActiveCfg = Debug|Any CPU
		{188E99F7-C726-4B70-94C5-F71C14776F44}.Debug|iPhone.Build.0 = Debug|Any CPU
		{188E99F7-C726-4B70-94C5-F71C14776F44}.Debug|iPhoneSimulator.ActiveCfg = Debug|Any CPU
		{188E99F7-C726-4B70-94C5-F71C14776F44}.Debug|iPhoneSimulator.Build.0 = Debug|Any CPU
		{188E99F7-C726-4B70-94C5-F71C14776F44}.Debug|x64.ActiveCfg = Debug|Any CPU
		{188E99F7-C726-4B70-94C5-F71C14776F44}.Debug|x64.Build.0 = Debug|Any CPU
		{188E99F7-C726-4B70-94C5-F71C14776F44}.Debug|x86.ActiveCfg = Debug|Any CPU
		{188E99F7-C726-4B70-94C5-F71C14776F44}.Debug|x86.Build.0 = Debug|Any CPU
		{188E99F7-C726-4B70-94C5-F71C14776F44}.Release|Any CPU.ActiveCfg = Release|Any CPU
		{188E99F7-C726-4B70-94C5-F71C14776F44}.Release|Any CPU.Build.0 = Release|Any CPU
		{188E99F7-C726-4B70-94C5-F71C14776F44}.Release|ARM.ActiveCfg = Release|Any CPU
		{188E99F7-C726-4B70-94C5-F71C14776F44}.Release|ARM.Build.0 = Release|Any CPU
		{188E99F7-C726-4B70-94C5-F71C14776F44}.Release|iPhone.ActiveCfg = Release|Any CPU
		{188E99F7-C726-4B70-94C5-F71C14776F44}.Release|iPhone.Build.0 = Release|Any CPU
		{188E99F7-C726-4B70-94C5-F71C14776F44}.Release|iPhoneSimulator.ActiveCfg = Release|Any CPU
		{188E99F7-C726-4B70-94C5-F71C14776F44}.Release|iPhoneSimulator.Build.0 = Release|Any CPU
		{188E99F7-C726-4B70-94C5-F71C14776F44}.Release|x64.ActiveCfg = Release|Any CPU
		{188E99F7-C726-4B70-94C5-F71C14776F44}.Release|x64.Build.0 = Release|Any CPU
		{188E99F7-C726-4B70-94C5-F71C14776F44}.Release|x86.ActiveCfg = Release|Any CPU
		{188E99F7-C726-4B70-94C5-F71C14776F44}.Release|x86.Build.0 = Release|Any CPU
	EndGlobalSection
	GlobalSection(SolutionProperties) = preSolution
		HideSolutionNode = FALSE
	EndGlobalSection
	GlobalSection(NestedProjects) = preSolution
		{BCEA7983-DB8B-4C07-BCB1-E2F9925511F5} = {4F0C17AD-9CB1-4EB9-A742-9013D1369511}
		{E35BE88B-BABD-4B1A-B681-8A670116DE2A} = {4F0C17AD-9CB1-4EB9-A742-9013D1369511}
		{25B890A2-6593-44D5-97B8-6DE0036AF51F} = {E35BE88B-BABD-4B1A-B681-8A670116DE2A}
		{1AF07183-4428-4000-B84F-4CF06FBC0B31} = {E35BE88B-BABD-4B1A-B681-8A670116DE2A}
		{F8FDC1F4-CBB8-447C-9736-1787293CA094} = {4F0C17AD-9CB1-4EB9-A742-9013D1369511}
		{C9BCF17A-8F91-421F-B132-8EEAE7E4E5AF} = {F8FDC1F4-CBB8-447C-9736-1787293CA094}
		{583B0722-63ED-4D62-BBF9-C06586FC9887} = {E681B9DB-9E65-4329-A19D-20DF27106589}
		{8DE46E88-9929-4279-AA73-A27BA7DFE8BA} = {583B0722-63ED-4D62-BBF9-C06586FC9887}
		{167EBECE-7F99-4DEF-8E2C-BE5C20FAF1ED} = {583B0722-63ED-4D62-BBF9-C06586FC9887}
		{3884B627-4AC0-4947-8366-8A6E26D2F77C} = {583B0722-63ED-4D62-BBF9-C06586FC9887}
		{CD9B2FFA-ED54-4FAD-B634-FD1D70D6FD3D} = {583B0722-63ED-4D62-BBF9-C06586FC9887}
		{F5664625-06F5-4E95-AF2B-B07B250D4713} = {583B0722-63ED-4D62-BBF9-C06586FC9887}
		{188E99F7-C726-4B70-94C5-F71C14776F44} = {583B0722-63ED-4D62-BBF9-C06586FC9887}
	EndGlobalSection
EndGlobal
